// !$*UTF8*$!
{
	archiveVersion = 1;
	classes = {
	};
	objectVersion = 77;
	objects = {

/* Begin PBXBuildFile section */
		0014A58059C166B84F52F445 /* AutoCacheController.swift in Sources */ = {isa = PBXBuildFile; fileRef = 97EC2A142AF43A4F4F8A5817 /* AutoCacheController.swift */; };
		08245D20643E9CDB6CCA67F2 /* Artwork.swift in Sources */ = {isa = PBXBuildFile; fileRef = 12E89289617B809FA95582A3 /* Artwork.swift */; };
		09CB91B7CE09CC0517254724 /* LibraryService.swift in Sources */ = {isa = PBXBuildFile; fileRef = 82A6A8CA823ABB2AD5D3EDA8 /* LibraryService.swift */; };
		0C2915DAA2525F4DC783977C /* PlaybackEngine.swift in Sources */ = {isa = PBXBuildFile; fileRef = 7877EE6CC69C6DE310A789F0 /* PlaybackEngine.swift */; };
		0E46E85BBB9BDEB1DE9A940F /* LibraryView.swift in Sources */ = {isa = PBXBuildFile; fileRef = A775D9D0F736C93341DC053D /* LibraryView.swift */; };
		2020D1F1D03AAD056E2AD787 /* MediaModels.swift in Sources */ = {isa = PBXBuildFile; fileRef = 8EFDEF12E77AC32B75528948 /* MediaModels.swift */; };
		2A1D01B9DDF371E2E9F977E4 /* SettingsView.swift in Sources */ = {isa = PBXBuildFile; fileRef = A8C350CC799F81C777E77341 /* SettingsView.swift */; };
		42C64E722C9F7E853D7EE8FF /* KeychainStore.swift in Sources */ = {isa = PBXBuildFile; fileRef = 97CD9B642C6A08F1D3F191D1 /* KeychainStore.swift */; };
		468504DA1212B2B35A621E1C /* HomeView.swift in Sources */ = {isa = PBXBuildFile; fileRef = 5BCC2D943C5605432057942E /* HomeView.swift */; };
		4A1CB58C63D7D548EDD339CB /* RootTabView.swift in Sources */ = {isa = PBXBuildFile; fileRef = 584731D16BCF26BA499F4B56 /* RootTabView.swift */; };
		529B9FC70BED296238A35C63 /* MiniPlayerView.swift in Sources */ = {isa = PBXBuildFile; fileRef = 6A8917473AFA9BF5C2915EC1 /* MiniPlayerView.swift */; };
		5C71D3CAAA5CD1F93B68BAF6 /* BetterStreamingCore in Frameworks */ = {isa = PBXBuildFile; productRef = 4743CF64E2A785D31AEF908D /* BetterStreamingCore */; };
		5CB5CB64A15E2539735641D0 /* SourceSetupView.swift in Sources */ = {isa = PBXBuildFile; fileRef = C015E25AF1FC6DB33905132F /* SourceSetupView.swift */; };
		5FB88568190E9418CD7AFCB3 /* MediaCells.swift in Sources */ = {isa = PBXBuildFile; fileRef = 67EC9B69AFFE0B8D3BE8D13D /* MediaCells.swift */; };
		64A40EC9D5D6E532D7798D5E /* OnboardingView.swift in Sources */ = {isa = PBXBuildFile; fileRef = A149733E4E6770551C19AAC0 /* OnboardingView.swift */; };
		6D4FEB10C0FDC358627AB7D3 /* AppModel.swift in Sources */ = {isa = PBXBuildFile; fileRef = E729D5CE64BA0A5E4011A6C7 /* AppModel.swift */; };
		7516A90BA0C41FFE8B1874B3 /* DetailViews.swift in Sources */ = {isa = PBXBuildFile; fileRef = C84FC29C090D662305B442FA /* DetailViews.swift */; };
		A0492B51E450CBEC029BD4BE /* SearchView.swift in Sources */ = {isa = PBXBuildFile; fileRef = ED4EC0B8A6A19AE086BC54A4 /* SearchView.swift */; };
		AA0AA5C8BC4671757B47D993 /* BetterStreamingApp.swift in Sources */ = {isa = PBXBuildFile; fileRef = BA220FF41926FF26E0FBD844 /* BetterStreamingApp.swift */; };
		AF692CF969F07A6B64577410 /* DesignTokens.swift in Sources */ = {isa = PBXBuildFile; fileRef = A2300EBA8131EE6AF7617A1F /* DesignTokens.swift */; };
		B5EF5E4C1F9FD30C4AFC38FE /* OfflineLibraryView.swift in Sources */ = {isa = PBXBuildFile; fileRef = B85309C80C8120BB0FA8C25C /* OfflineLibraryView.swift */; };
		E48911A655044AA9A1559265 /* SourcesView.swift in Sources */ = {isa = PBXBuildFile; fileRef = CCDF8CD62C0F29867A2D1AED /* SourcesView.swift */; };
/* End PBXBuildFile section */

/* Begin PBXFileReference section */
		12E89289617B809FA95582A3 /* Artwork.swift */ = {isa = PBXFileReference; lastKnownFileType = sourcecode.swift; path = Artwork.swift; sourceTree = "<group>"; };
		46FFD8508D86BB73EEB8878B /* BetterStreaming.app */ = {isa = PBXFileReference; explicitFileType = wrapper.application; includeInIndex = 0; path = BetterStreaming.app; sourceTree = BUILT_PRODUCTS_DIR; };
		4C690EE398FFC66BC3A5A3DF /* Info.plist */ = {isa = PBXFileReference; lastKnownFileType = text.plist; path = Info.plist; sourceTree = "<group>"; };
		584731D16BCF26BA499F4B56 /* RootTabView.swift */ = {isa = PBXFileReference; lastKnownFileType = sourcecode.swift; path = RootTabView.swift; sourceTree = "<group>"; };
		5BCC2D943C5605432057942E /* HomeView.swift */ = {isa = PBXFileReference; lastKnownFileType = sourcecode.swift; path = HomeView.swift; sourceTree = "<group>"; };
		67EC9B69AFFE0B8D3BE8D13D /* MediaCells.swift */ = {isa = PBXFileReference; lastKnownFileType = sourcecode.swift; path = MediaCells.swift; sourceTree = "<group>"; };
		6A8917473AFA9BF5C2915EC1 /* MiniPlayerView.swift */ = {isa = PBXFileReference; lastKnownFileType = sourcecode.swift; path = MiniPlayerView.swift; sourceTree = "<group>"; };
		7877EE6CC69C6DE310A789F0 /* PlaybackEngine.swift */ = {isa = PBXFileReference; lastKnownFileType = sourcecode.swift; path = PlaybackEngine.swift; sourceTree = "<group>"; };
		7F28BFCB240C171BEBF1D73F /* BetterStreamingCore */ = {isa = PBXFileReference; lastKnownFileType = folder; name = BetterStreamingCore; path = Packages/BetterStreamingCore; sourceTree = SOURCE_ROOT; };
		82A6A8CA823ABB2AD5D3EDA8 /* LibraryService.swift */ = {isa = PBXFileReference; lastKnownFileType = sourcecode.swift; path = LibraryService.swift; sourceTree = "<group>"; };
		8EFDEF12E77AC32B75528948 /* MediaModels.swift */ = {isa = PBXFileReference; lastKnownFileType = sourcecode.swift; path = MediaModels.swift; sourceTree = "<group>"; };
		97CD9B642C6A08F1D3F191D1 /* KeychainStore.swift */ = {isa = PBXFileReference; lastKnownFileType = sourcecode.swift; path = KeychainStore.swift; sourceTree = "<group>"; };
		97EC2A142AF43A4F4F8A5817 /* AutoCacheController.swift */ = {isa = PBXFileReference; lastKnownFileType = sourcecode.swift; path = AutoCacheController.swift; sourceTree = "<group>"; };
		A149733E4E6770551C19AAC0 /* OnboardingView.swift */ = {isa = PBXFileReference; lastKnownFileType = sourcecode.swift; path = OnboardingView.swift; sourceTree = "<group>"; };
		A2300EBA8131EE6AF7617A1F /* DesignTokens.swift */ = {isa = PBXFileReference; lastKnownFileType = sourcecode.swift; path = DesignTokens.swift; sourceTree = "<group>"; };
		A775D9D0F736C93341DC053D /* LibraryView.swift */ = {isa = PBXFileReference; lastKnownFileType = sourcecode.swift; path = LibraryView.swift; sourceTree = "<group>"; };
		A8C350CC799F81C777E77341 /* SettingsView.swift */ = {isa = PBXFileReference; lastKnownFileType = sourcecode.swift; path = SettingsView.swift; sourceTree = "<group>"; };
		B85309C80C8120BB0FA8C25C /* OfflineLibraryView.swift */ = {isa = PBXFileReference; lastKnownFileType = sourcecode.swift; path = OfflineLibraryView.swift; sourceTree = "<group>"; };
		BA220FF41926FF26E0FBD844 /* BetterStreamingApp.swift */ = {isa = PBXFileReference; lastKnownFileType = sourcecode.swift; path = BetterStreamingApp.swift; sourceTree = "<group>"; };
		C015E25AF1FC6DB33905132F /* SourceSetupView.swift */ = {isa = PBXFileReference; lastKnownFileType = sourcecode.swift; path = SourceSetupView.swift; sourceTree = "<group>"; };
		C84FC29C090D662305B442FA /* DetailViews.swift */ = {isa = PBXFileReference; lastKnownFileType = sourcecode.swift; path = DetailViews.swift; sourceTree = "<group>"; };
		CCDF8CD62C0F29867A2D1AED /* SourcesView.swift */ = {isa = PBXFileReference; lastKnownFileType = sourcecode.swift; path = SourcesView.swift; sourceTree = "<group>"; };
		E729D5CE64BA0A5E4011A6C7 /* AppModel.swift */ = {isa = PBXFileReference; lastKnownFileType = sourcecode.swift; path = AppModel.swift; sourceTree = "<group>"; };
		ED4EC0B8A6A19AE086BC54A4 /* SearchView.swift */ = {isa = PBXFileReference; lastKnownFileType = sourcecode.swift; path = SearchView.swift; sourceTree = "<group>"; };
/* End PBXFileReference section */

/* Begin PBXFrameworksBuildPhase section */
		1CB64850F24325B5ABE1C98D /* Frameworks */ = {
			isa = PBXFrameworksBuildPhase;
			buildActionMask = 2147483647;
			files = (
				5C71D3CAAA5CD1F93B68BAF6 /* BetterStreamingCore in Frameworks */,
			);
			runOnlyForDeploymentPostprocessing = 0;
		};
/* End PBXFrameworksBuildPhase section */

/* Begin PBXGroup section */
		066449CB31010AE13A5F9319 /* Settings */ = {
			isa = PBXGroup;
			children = (
				A8C350CC799F81C777E77341 /* SettingsView.swift */,
			);
			path = Settings;
			sourceTree = "<group>";
		};
		0D1719057892EF37E37CB90F /* Features */ = {
			isa = PBXGroup;
			children = (
				8ED494582B30E1F11769BC1A /* Home */,
				1BDF4B1650278615F0EB2838 /* Library */,
				1788BF5360AE659948BA2FCD /* Onboarding */,
				CFA566D0DF6B74A3E114C7B0 /* Player */,
				392A7D74A84A60A971317813 /* Search */,
				066449CB31010AE13A5F9319 /* Settings */,
				5691373A13D5901C4A1BEAE0 /* Sources */,
			);
			path = Features;
			sourceTree = "<group>";
		};
		0D74DC38188C8B5A59C8DDB8 /* Navigation */ = {
			isa = PBXGroup;
			children = (
				584731D16BCF26BA499F4B56 /* RootTabView.swift */,
			);
			path = Navigation;
			sourceTree = "<group>";
		};
		1788BF5360AE659948BA2FCD /* Onboarding */ = {
			isa = PBXGroup;
			children = (
				A149733E4E6770551C19AAC0 /* OnboardingView.swift */,
			);
			path = Onboarding;
			sourceTree = "<group>";
		};
		1BDF4B1650278615F0EB2838 /* Library */ = {
			isa = PBXGroup;
			children = (
				C84FC29C090D662305B442FA /* DetailViews.swift */,
				A775D9D0F736C93341DC053D /* LibraryView.swift */,
				B85309C80C8120BB0FA8C25C /* OfflineLibraryView.swift */,
			);
			path = Library;
			sourceTree = "<group>";
		};
		392A7D74A84A60A971317813 /* Search */ = {
			isa = PBXGroup;
			children = (
				ED4EC0B8A6A19AE086BC54A4 /* SearchView.swift */,
			);
			path = Search;
			sourceTree = "<group>";
		};
		3B286592F1CA548A8C6D9F53 /* Components */ = {
			isa = PBXGroup;
			children = (
				67EC9B69AFFE0B8D3BE8D13D /* MediaCells.swift */,
			);
			path = Components;
			sourceTree = "<group>";
		};
		507E774FA4E9E037F8C93C83 /* Packages */ = {
			isa = PBXGroup;
			children = (
				7F28BFCB240C171BEBF1D73F /* BetterStreamingCore */,
			);
			path = Packages;
			sourceTree = "<group>";
		};
		5691373A13D5901C4A1BEAE0 /* Sources */ = {
			isa = PBXGroup;
			children = (
				C015E25AF1FC6DB33905132F /* SourceSetupView.swift */,
				CCDF8CD62C0F29867A2D1AED /* SourcesView.swift */,
			);
			path = Sources;
			sourceTree = "<group>";
		};
		6190E61D266B7D6D97B93855 /* Products */ = {
			isa = PBXGroup;
			children = (
				46FFD8508D86BB73EEB8878B /* BetterStreaming.app */,
			);
			name = Products;
			sourceTree = "<group>";
		};
		6F8B6A1F017FB90EF406D3E6 /* Services */ = {
			isa = PBXGroup;
			children = (
				12E89289617B809FA95582A3 /* Artwork.swift */,
				97EC2A142AF43A4F4F8A5817 /* AutoCacheController.swift */,
				97CD9B642C6A08F1D3F191D1 /* KeychainStore.swift */,
				82A6A8CA823ABB2AD5D3EDA8 /* LibraryService.swift */,
				7877EE6CC69C6DE310A789F0 /* PlaybackEngine.swift */,
			);
			path = Services;
			sourceTree = "<group>";
		};
		8ED494582B30E1F11769BC1A /* Home */ = {
			isa = PBXGroup;
			children = (
				5BCC2D943C5605432057942E /* HomeView.swift */,
			);
			path = Home;
			sourceTree = "<group>";
		};
		90C5309926F636C53A97EFCF /* Model */ = {
			isa = PBXGroup;
			children = (
				8EFDEF12E77AC32B75528948 /* MediaModels.swift */,
			);
			path = Model;
			sourceTree = "<group>";
		};
		BC30D62D1B95C308E36A8CFB = {
			isa = PBXGroup;
			children = (
				D3D54A4A6111288C1FDAA834 /* BetterStreaming */,
				507E774FA4E9E037F8C93C83 /* Packages */,
				6190E61D266B7D6D97B93855 /* Products */,
			);
			sourceTree = "<group>";
		};
		CFA566D0DF6B74A3E114C7B0 /* Player */ = {
			isa = PBXGroup;
			children = (
				6A8917473AFA9BF5C2915EC1 /* MiniPlayerView.swift */,
			);
			path = Player;
			sourceTree = "<group>";
		};
		D3D54A4A6111288C1FDAA834 /* BetterStreaming */ = {
			isa = PBXGroup;
			children = (
				E729D5CE64BA0A5E4011A6C7 /* AppModel.swift */,
				BA220FF41926FF26E0FBD844 /* BetterStreamingApp.swift */,
				A2300EBA8131EE6AF7617A1F /* DesignTokens.swift */,
				4C690EE398FFC66BC3A5A3DF /* Info.plist */,
				3B286592F1CA548A8C6D9F53 /* Components */,
				0D1719057892EF37E37CB90F /* Features */,
				90C5309926F636C53A97EFCF /* Model */,
				0D74DC38188C8B5A59C8DDB8 /* Navigation */,
				6F8B6A1F017FB90EF406D3E6 /* Services */,
			);
			name = BetterStreaming;
			path = App/BetterStreaming;
			sourceTree = "<group>";
		};
/* End PBXGroup section */

/* Begin PBXNativeTarget section */
		E7CF131A139232C1E4DBC1AC /* BetterStreaming */ = {
			isa = PBXNativeTarget;
			buildConfigurationList = A22E3DF7DD8ADAF0A75D9A44 /* Build configuration list for PBXNativeTarget "BetterStreaming" */;
			buildPhases = (
				136EEB3D4FF548E04DD1D9DA /* Sources */,
				1CB64850F24325B5ABE1C98D /* Frameworks */,
			);
			buildRules = (
			);
			dependencies = (
			);
			name = BetterStreaming;
			packageProductDependencies = (
				4743CF64E2A785D31AEF908D /* BetterStreamingCore */,
			);
			productName = BetterStreaming;
			productReference = 46FFD8508D86BB73EEB8878B /* BetterStreaming.app */;
			productType = "com.apple.product-type.application";
		};
/* End PBXNativeTarget section */

/* Begin PBXProject section */
		D9E6C17E5F966822464A83FF /* Project object */ = {
			isa = PBXProject;
			attributes = {
				BuildIndependentTargetsInParallel = YES;
				LastUpgradeCheck = 2600;
			};
			buildConfigurationList = B1E9C49C1168F95954498365 /* Build configuration list for PBXProject "BetterStreaming" */;
			developmentRegion = en;
			hasScannedForEncodings = 0;
			knownRegions = (
				Base,
				en,
			);
			mainGroup = BC30D62D1B95C308E36A8CFB;
			minimizedProjectReferenceProxies = 1;
			packageReferences = (
				BEC3ABAD4671D0448BEDB532 /* XCLocalSwiftPackageReference "Packages/BetterStreamingCore" */,
			);
			preferredProjectObjectVersion = 77;
			productRefGroup = 6190E61D266B7D6D97B93855 /* Products */;
			projectDirPath = "";
			projectRoot = "";
			targets = (
				E7CF131A139232C1E4DBC1AC /* BetterStreaming */,
			);
		};
/* End PBXProject section */

/* Begin PBXSourcesBuildPhase section */
		136EEB3D4FF548E04DD1D9DA /* Sources */ = {
			isa = PBXSourcesBuildPhase;
			buildActionMask = 2147483647;
			files = (
				6D4FEB10C0FDC358627AB7D3 /* AppModel.swift in Sources */,
				08245D20643E9CDB6CCA67F2 /* Artwork.swift in Sources */,
				0014A58059C166B84F52F445 /* AutoCacheController.swift in Sources */,
				AA0AA5C8BC4671757B47D993 /* BetterStreamingApp.swift in Sources */,
				AF692CF969F07A6B64577410 /* DesignTokens.swift in Sources */,
				7516A90BA0C41FFE8B1874B3 /* DetailViews.swift in Sources */,
				468504DA1212B2B35A621E1C /* HomeView.swift in Sources */,
				42C64E722C9F7E853D7EE8FF /* KeychainStore.swift in Sources */,
				09CB91B7CE09CC0517254724 /* LibraryService.swift in Sources */,
				0E46E85BBB9BDEB1DE9A940F /* LibraryView.swift in Sources */,
				5FB88568190E9418CD7AFCB3 /* MediaCells.swift in Sources */,
				2020D1F1D03AAD056E2AD787 /* MediaModels.swift in Sources */,
				529B9FC70BED296238A35C63 /* MiniPlayerView.swift in Sources */,
				B5EF5E4C1F9FD30C4AFC38FE /* OfflineLibraryView.swift in Sources */,
				64A40EC9D5D6E532D7798D5E /* OnboardingView.swift in Sources */,
				0C2915DAA2525F4DC783977C /* PlaybackEngine.swift in Sources */,
				4A1CB58C63D7D548EDD339CB /* RootTabView.swift in Sources */,
				A0492B51E450CBEC029BD4BE /* SearchView.swift in Sources */,
				2A1D01B9DDF371E2E9F977E4 /* SettingsView.swift in Sources */,
				5CB5CB64A15E2539735641D0 /* SourceSetupView.swift in Sources */,
				E48911A655044AA9A1559265 /* SourcesView.swift in Sources */,
			);
			runOnlyForDeploymentPostprocessing = 0;
		};
/* End PBXSourcesBuildPhase section */

/* Begin XCBuildConfiguration section */
		9A23016054BFB992E1858B27 /* Debug */ = {
			isa = XCBuildConfiguration;
			buildSettings = {
				ALWAYS_SEARCH_USER_PATHS = NO;
				CLANG_ANALYZER_NONNULL = YES;
				CLANG_ANALYZER_NUMBER_OBJECT_CONVERSION = YES_AGGRESSIVE;
				CLANG_CXX_LANGUAGE_STANDARD = "gnu++14";
				CLANG_CXX_LIBRARY = "libc++";
				CLANG_ENABLE_MODULES = YES;
				CLANG_ENABLE_OBJC_ARC = YES;
				CLANG_ENABLE_OBJC_WEAK = YES;
				CLANG_WARN_BLOCK_CAPTURE_AUTORELEASING = YES;
				CLANG_WARN_BOOL_CONVERSION = YES;
				CLANG_WARN_COMMA = YES;
				CLANG_WARN_CONSTANT_CONVERSION = YES;
				CLANG_WARN_DEPRECATED_OBJC_IMPLEMENTATIONS = YES;
				CLANG_WARN_DIRECT_OBJC_ISA_USAGE = YES_ERROR;
				CLANG_WARN_DOCUMENTATION_COMMENTS = YES;
				CLANG_WARN_EMPTY_BODY = YES;
				CLANG_WARN_ENUM_CONVERSION = YES;
				CLANG_WARN_INFINITE_RECURSION = YES;
				CLANG_WARN_INT_CONVERSION = YES;
				CLANG_WARN_NON_LITERAL_NULL_CONVERSION = YES;
				CLANG_WARN_OBJC_IMPLICIT_RETAIN_SELF = YES;
				CLANG_WARN_OBJC_LITERAL_CONVERSION = YES;
				CLANG_WARN_OBJC_ROOT_CLASS = YES_ERROR;
				CLANG_WARN_QUOTED_INCLUDE_IN_FRAMEWORK_HEADER = YES;
				CLANG_WARN_RANGE_LOOP_ANALYSIS = YES;
				CLANG_WARN_STRICT_PROTOTYPES = YES;
				CLANG_WARN_SUSPICIOUS_MOVE = YES;
				CLANG_WARN_UNGUARDED_AVAILABILITY = YES_AGGRESSIVE;
				CLANG_WARN_UNREACHABLE_CODE = YES;
				CLANG_WARN__DUPLICATE_METHOD_MATCH = YES;
				COPY_PHASE_STRIP = NO;
				CURRENT_PROJECT_VERSION = 1;
				DEBUG_INFORMATION_FORMAT = dwarf;
				ENABLE_STRICT_OBJC_MSGSEND = YES;
				ENABLE_TESTABILITY = YES;
				ENABLE_USER_SCRIPT_SANDBOXING = YES;
				GCC_C_LANGUAGE_STANDARD = gnu11;
				GCC_DYNAMIC_NO_PIC = NO;
				GCC_NO_COMMON_BLOCKS = YES;
				GCC_OPTIMIZATION_LEVEL = 0;
				GCC_PREPROCESSOR_DEFINITIONS = (
					"$(inherited)",
					"DEBUG=1",
				);
				GCC_WARN_64_TO_32_BIT_CONVERSION = YES;
				GCC_WARN_ABOUT_RETURN_TYPE = YES_ERROR;
				GCC_WARN_UNDECLARED_SELECTOR = YES;
				GCC_WARN_UNINITIALIZED_AUTOS = YES_AGGRESSIVE;
				GCC_WARN_UNUSED_FUNCTION = YES;
				GCC_WARN_UNUSED_VARIABLE = YES;
				IPHONEOS_DEPLOYMENT_TARGET = 17.0;
				MARKETING_VERSION = 0.1.0;
				MTL_ENABLE_DEBUG_INFO = INCLUDE_SOURCE;
				MTL_FAST_MATH = YES;
				ONLY_ACTIVE_ARCH = YES;
				PRODUCT_NAME = "$(TARGET_NAME)";
				SDKROOT = iphoneos;
				SWIFT_ACTIVE_COMPILATION_CONDITIONS = DEBUG;
				SWIFT_OPTIMIZATION_LEVEL = "-Onone";
				SWIFT_VERSION = 6.0;
			};
			name = Debug;
		};
		C59E869C450449A4698BCF63 /* Release */ = {
			isa = XCBuildConfiguration;
			buildSettings = {
				ALWAYS_SEARCH_USER_PATHS = NO;
				CLANG_ANALYZER_NONNULL = YES;
				CLANG_ANALYZER_NUMBER_OBJECT_CONVERSION = YES_AGGRESSIVE;
				CLANG_CXX_LANGUAGE_STANDARD = "gnu++14";
				CLANG_CXX_LIBRARY = "libc++";
				CLANG_ENABLE_MODULES = YES;
				CLANG_ENABLE_OBJC_ARC = YES;
				CLANG_ENABLE_OBJC_WEAK = YES;
				CLANG_WARN_BLOCK_CAPTURE_AUTORELEASING = YES;
				CLANG_WARN_BOOL_CONVERSION = YES;
				CLANG_WARN_COMMA = YES;
				CLANG_WARN_CONSTANT_CONVERSION = YES;
				CLANG_WARN_DEPRECATED_OBJC_IMPLEMENTATIONS = YES;
				CLANG_WARN_DIRECT_OBJC_ISA_USAGE = YES_ERROR;
				CLANG_WARN_DOCUMENTATION_COMMENTS = YES;
				CLANG_WARN_EMPTY_BODY = YES;
				CLANG_WARN_ENUM_CONVERSION = YES;
				CLANG_WARN_INFINITE_RECURSION = YES;
				CLANG_WARN_INT_CONVERSION = YES;
				CLANG_WARN_NON_LITERAL_NULL_CONVERSION = YES;
				CLANG_WARN_OBJC_IMPLICIT_RETAIN_SELF = YES;
				CLANG_WARN_OBJC_LITERAL_CONVERSION = YES;
				CLANG_WARN_OBJC_ROOT_CLASS = YES_ERROR;
				CLANG_WARN_QUOTED_INCLUDE_IN_FRAMEWORK_HEADER = YES;
				CLANG_WARN_RANGE_LOOP_ANALYSIS = YES;
				CLANG_WARN_STRICT_PROTOTYPES = YES;
				CLANG_WARN_SUSPICIOUS_MOVE = YES;
				CLANG_WARN_UNGUARDED_AVAILABILITY = YES_AGGRESSIVE;
				CLANG_WARN_UNREACHABLE_CODE = YES;
				CLANG_WARN__DUPLICATE_METHOD_MATCH = YES;
				COPY_PHASE_STRIP = NO;
				CURRENT_PROJECT_VERSION = 1;
				DEBUG_INFORMATION_FORMAT = "dwarf-with-dsym";
				ENABLE_NS_ASSERTIONS = NO;
				ENABLE_STRICT_OBJC_MSGSEND = YES;
				ENABLE_USER_SCRIPT_SANDBOXING = YES;
				GCC_C_LANGUAGE_STANDARD = gnu11;
				GCC_NO_COMMON_BLOCKS = YES;
				GCC_WARN_64_TO_32_BIT_CONVERSION = YES;
				GCC_WARN_ABOUT_RETURN_TYPE = YES_ERROR;
				GCC_WARN_UNDECLARED_SELECTOR = YES;
				GCC_WARN_UNINITIALIZED_AUTOS = YES_AGGRESSIVE;
				GCC_WARN_UNUSED_FUNCTION = YES;
				GCC_WARN_UNUSED_VARIABLE = YES;
				IPHONEOS_DEPLOYMENT_TARGET = 17.0;
				MARKETING_VERSION = 0.1.0;
				MTL_ENABLE_DEBUG_INFO = NO;
				MTL_FAST_MATH = YES;
				PRODUCT_NAME = "$(TARGET_NAME)";
				SDKROOT = iphoneos;
				SWIFT_COMPILATION_MODE = wholemodule;
				SWIFT_OPTIMIZATION_LEVEL = "-O";
				SWIFT_VERSION = 6.0;
			};
			name = Release;
		};
		C952A5868BD5883AAB767B19 /* Debug */ = {
			isa = XCBuildConfiguration;
			buildSettings = {
				ASSETCATALOG_COMPILER_APPICON_NAME = AppIcon;
				ASSETCATALOG_COMPILER_GLOBAL_ACCENT_COLOR_NAME = AccentColor;
				CODE_SIGN_IDENTITY = "iPhone Developer";
				DEVELOPMENT_TEAM = 4HFQ952344;
				INFOPLIST_FILE = App/BetterStreaming/Info.plist;
				INFOPLIST_KEY_UILaunchScreen_Generation = YES;
				IPHONEOS_DEPLOYMENT_TARGET = 17.0;
				LD_RUNPATH_SEARCH_PATHS = (
					"$(inherited)",
					"@executable_path/Frameworks",
				);
				PRODUCT_BUNDLE_IDENTIFIER = com.betterstreaming.app;
				PRODUCT_NAME = BetterStreaming;
				SDKROOT = iphoneos;
				TARGETED_DEVICE_FAMILY = "1,2";
			};
			name = Debug;
		};
		D21D771AF4280C0F373920C1 /* Release */ = {
			isa = XCBuildConfiguration;
			buildSettings = {
				ASSETCATALOG_COMPILER_APPICON_NAME = AppIcon;
				ASSETCATALOG_COMPILER_GLOBAL_ACCENT_COLOR_NAME = AccentColor;
				CODE_SIGN_IDENTITY = "iPhone Developer";
				DEVELOPMENT_TEAM = 4HFQ952344;
				INFOPLIST_FILE = App/BetterStreaming/Info.plist;
				INFOPLIST_KEY_UILaunchScreen_Generation = YES;
				IPHONEOS_DEPLOYMENT_TARGET = 17.0;
				LD_RUNPATH_SEARCH_PATHS = (
					"$(inherited)",
					"@executable_path/Frameworks",
				);
				PRODUCT_BUNDLE_IDENTIFIER = com.betterstreaming.app;
				PRODUCT_NAME = BetterStreaming;
				SDKROOT = iphoneos;
				TARGETED_DEVICE_FAMILY = "1,2";
			};
			name = Release;
		};
/* End XCBuildConfiguration section */

/* Begin XCConfigurationList section */
		A22E3DF7DD8ADAF0A75D9A44 /* Build configuration list for PBXNativeTarget "BetterStreaming" */ = {
			isa = XCConfigurationList;
			buildConfigurations = (
				C952A5868BD5883AAB767B19 /* Debug */,
				D21D771AF4280C0F373920C1 /* Release */,
			);
			defaultConfigurationIsVisible = 0;
			defaultConfigurationName = Debug;
		};
		B1E9C49C1168F95954498365 /* Build configuration list for PBXProject "BetterStreaming" */ = {
			isa = XCConfigurationList;
			buildConfigurations = (
				9A23016054BFB992E1858B27 /* Debug */,
				C59E869C450449A4698BCF63 /* Release */,
			);
			defaultConfigurationIsVisible = 0;
			defaultConfigurationName = Debug;
		};
/* End XCConfigurationList section */

/* Begin XCLocalSwiftPackageReference section */
		BEC3ABAD4671D0448BEDB532 /* XCLocalSwiftPackageReference "Packages/BetterStreamingCore" */ = {
			isa = XCLocalSwiftPackageReference;
			relativePath = Packages/BetterStreamingCore;
		};
/* End XCLocalSwiftPackageReference section */

/* Begin XCSwiftPackageProductDependency section */
		4743CF64E2A785D31AEF908D /* BetterStreamingCore */ = {
			isa = XCSwiftPackageProductDependency;
			productName = BetterStreamingCore;
		};
/* End XCSwiftPackageProductDependency section */
	};
	rootObject = D9E6C17E5F966822464A83FF /* Project object */;
}
